
Microsoft Visual Studio Solution File, Format Version 12.00
# Visual Studio Version 17
VisualStudioVersion = 17.8.34525.116
MinimumVisualStudioVersion = 10.0.40219.1
Project("{FAE04EC0-301F-11D3-BF4B-00C04F79EFBC}") = "APIFun", "APIFun.csproj", "{B90155BB-63F7-4848-B520-B324D1F6B919}"
EndProject
Global
	GlobalSection(SolutionConfigurationPlatforms) = preSolution
		Debug|Any CPU = Debug|Any CPU
		Release|Any CPU = Release|Any CPU
	EndGlobalSection
	GlobalSection(ProjectConfigurationPlatforms) = postSolution
		{B90155BB-63F7-4848-B520-B324D1F6B919}.Debug|Any CPU.ActiveCfg = Debug|Any CPU
		{B90155BB-63F7-4848-B520-B324D1F6B919}.Debug|Any CPU.Build.0 = Debug|Any CPU
		{B90155BB-63F7-4848-B520-B324D1F6B919}.Release|Any CPU.ActiveCfg = Release|Any CPU
		{B90155BB-63F7-4848-B520-B324D1F6B919}.Release|Any CPU.Build.0 = Release|Any CPU
	EndGlobalSection
	GlobalSection(SolutionProperties) = preSolution
		HideSolutionNode = FALSE
	EndGlobalSection
	GlobalSection(ExtensibilityGlobals) = postSolution
		SolutionGuid = {B76D3FB4-5460-42F8-9DCB-D494AEB38319}
	EndGlobalSection
EndGlobal
